{
  "name": "birthday_function",
  "lockfileVersion": 3,
  "requires": true,
  "packages": {
    "": {
      "devDependencies": {
        "@cloudflare/workers-types": "^4.20241230.0"
      }
    },
    "node_modules/@cloudflare/workers-types": {
      "version": "4.20241230.0",
      "resolved": "https://registry.npmjs.org/@cloudflare/workers-types/-/workers-types-4.20241230.0.tgz",
      "integrity": "sha512-dtLD4jY35Lb750cCVyO1i/eIfdZJg2Z0i+B1RYX6BVeRPlgaHx/H18ImKAkYmy0g09Ow8R2jZy3hIxMgXun0WQ==",
      "dev": true
    }
  }
}
